
Microsoft Visual Studio Solution File, Format Version 12.00
# Visual Studio Version 17
VisualStudioVersion = 17.9.34723.18
MinimumVisualStudioVersion = 10.0.40219.1
Project("{FAE04EC0-301F-11D3-BF4B-00C04F79EFBC}") = "RegisterLoginWithTwoFactorAuthent.Web", "RegisterLoginWithTwoFactorAuthent.Web\RegisterLoginWithTwoFactorAuthent.Web.csproj", "{56CCA3EC-292D-4E21-9B22-D9D83954A867}"
EndProject
Global
	GlobalSection(SolutionConfigurationPlatforms) = preSolution
		Debug|Any CPU = Debug|Any CPU
		Release|Any CPU = Release|Any CPU
	EndGlobalSection
	GlobalSection(ProjectConfigurationPlatforms) = postSolution
		{56CCA3EC-292D-4E21-9B22-D9D83954A867}.Debug|Any CPU.ActiveCfg = Debug|Any CPU
		{56CCA3EC-292D-4E21-9B22-D9D83954A867}.Debug|Any CPU.Build.0 = Debug|Any CPU
		{56CCA3EC-292D-4E21-9B22-D9D83954A867}.Release|Any CPU.ActiveCfg = Release|Any CPU
		{56CCA3EC-292D-4E21-9B22-D9D83954A867}.Release|Any CPU.Build.0 = Release|Any CPU
	EndGlobalSection
	GlobalSection(SolutionProperties) = preSolution
		HideSolutionNode = FALSE
	EndGlobalSection
	GlobalSection(ExtensibilityGlobals) = postSolution
		SolutionGuid = {A10210B5-AF5A-4805-80ED-09F51D5FAEE6}
	EndGlobalSection
EndGlobal
